
Microsoft Visual Studio Solution File, Format Version 12.00
# Visual Studio Version 17
VisualStudioVersion = 17.5.33627.172
MinimumVisualStudioVersion = 10.0.40219.1
Project("{9A19103F-16F7-4668-BE54-9A1E7A4F7556}") = "ComprASP", "ComprASP\ComprASP.csproj", "{7292528D-0555-4AD0-A701-517A318042E7}"
EndProject
Project("{FAE04EC0-301F-11D3-BF4B-00C04F79EFBC}") = "ComprASP.Data", "ComprASP.Data\ComprASP.Data.csproj", "{0E51FD00-90C4-42E9-BB49-63738A52CACB}"
EndProject
Global
	GlobalSection(SolutionConfigurationPlatforms) = preSolution
		Debug|Any CPU = Debug|Any CPU
		Release|Any CPU = Release|Any CPU
	EndGlobalSection
	GlobalSection(ProjectConfigurationPlatforms) = postSolution
		{7292528D-0555-4AD0-A701-517A318042E7}.Debug|Any CPU.ActiveCfg = Debug|Any CPU
		{7292528D-0555-4AD0-A701-517A318042E7}.Debug|Any CPU.Build.0 = Debug|Any CPU
		{7292528D-0555-4AD0-A701-517A318042E7}.Release|Any CPU.ActiveCfg = Release|Any CPU
		{7292528D-0555-4AD0-A701-517A318042E7}.Release|Any CPU.Build.0 = Release|Any CPU
		{0E51FD00-90C4-42E9-BB49-63738A52CACB}.Debug|Any CPU.ActiveCfg = Debug|Any CPU
		{0E51FD00-90C4-42E9-BB49-63738A52CACB}.Debug|Any CPU.Build.0 = Debug|Any CPU
		{0E51FD00-90C4-42E9-BB49-63738A52CACB}.Release|Any CPU.ActiveCfg = Release|Any CPU
		{0E51FD00-90C4-42E9-BB49-63738A52CACB}.Release|Any CPU.Build.0 = Release|Any CPU
	EndGlobalSection
	GlobalSection(SolutionProperties) = preSolution
		HideSolutionNode = FALSE
	EndGlobalSection
	GlobalSection(ExtensibilityGlobals) = postSolution
		SolutionGuid = {9D1EA8E2-59F5-47F7-B40E-9B17079A50C4}
	EndGlobalSection
EndGlobal
